PODS:
  - Alamofire (4.6.0)
  - KSCrash/Core (1.15.16):
    - KSCrash/Reporting/Filters/Basic
  - KSCrash/Recording (1.15.16):
    - KSCrash/Recording/Tools (= 1.15.16)
  - KSCrash/Recording/Tools (1.15.16)
  - KSCrash/Reporting/Filters/Base (1.15.16):
    - KSCrash/Recording
  - KSCrash/Reporting/Filters/Basic (1.15.16):
    - KSCrash/Recording
    - KSCrash/Reporting/Filters/Base
  - Sentry (3.11.1):
    - Sentry/Core (= 3.11.1)
    - Sentry/KSCrash (= 3.11.1)
  - Sentry/Core (3.11.1)
  - Sentry/KSCrash (3.11.1):
    - KSCrash/Core (~> 1.15.12)
  - Starscream (3.0.2)
  - StreamrootSDK (2.2.0):
    - Alamofire (= 4.6.0)
    - Sentry (= 3.11.1)
    - Starscream (= 3.0.2)

DEPENDENCIES:
  - StreamrootSDK

SPEC CHECKSUMS:
  Alamofire: f41a599bd63041760b26d393ec1069d9d7b917f4
  KSCrash: e4cda5c8612c5f9478defcf43418f24870d313f4
  Sentry: 1d8e03901b062b0317174efefa7f97a4ab16fa9a
  Starscream: b512c62f6706421221b5ceb2ba01a9f58aca5bea
  StreamrootSDK: 5a20956bb512697cdc3a8e9480ee73758b737c7b

PODFILE CHECKSUM: d5cae9e743c1233ca006ac822f4a351fd864dcd2

COCOAPODS: 1.4.0
